
Microsoft Visual Studio Solution File, Format Version 12.00
# Visual Studio 15
Project("{FAE04EC0-301F-11D3-BF4B-00C04F79EFBC}") = "Zappar.UAR", "Zappar.UAR.csproj", "{CDF0AF55-8C0A-2E6D-D1A7-157F74B51FB3}"
EndProject
Project("{FAE04EC0-301F-11D3-BF4B-00C04F79EFBC}") = "Assembly-CSharp-firstpass", "Assembly-CSharp-firstpass.csproj", "{2618941D-B618-6E70-8D06-8CBBA486F2D6}"
EndProject
Project("{FAE04EC0-301F-11D3-BF4B-00C04F79EFBC}") = "Assembly-CSharp", "Assembly-CSharp.csproj", "{60B7C50D-3812-833A-EC83-82B3E70024F0}"
EndProject
Project("{FAE04EC0-301F-11D3-BF4B-00C04F79EFBC}") = "Assembly-CSharp-Editor-firstpass", "Assembly-CSharp-Editor-firstpass.csproj", "{C85D047E-CC36-F762-5D35-E88779D1B582}"
EndProject
Project("{FAE04EC0-301F-11D3-BF4B-00C04F79EFBC}") = "Assembly-CSharp-Editor", "Assembly-CSharp-Editor.csproj", "{7F567B0B-8947-095B-3E46-EC6481130160}"
EndProject
Global
	GlobalSection(SolutionConfigurationPlatforms) = preSolution
		Debug|Any CPU = Debug|Any CPU
		Release|Any CPU = Release|Any CPU
	EndGlobalSection
	GlobalSection(ProjectConfigurationPlatforms) = postSolution
		{CDF0AF55-8C0A-2E6D-D1A7-157F74B51FB3}.Debug|Any CPU.ActiveCfg = Debug|Any CPU
		{CDF0AF55-8C0A-2E6D-D1A7-157F74B51FB3}.Debug|Any CPU.Build.0 = Debug|Any CPU
		{CDF0AF55-8C0A-2E6D-D1A7-157F74B51FB3}.Release|Any CPU.ActiveCfg = Release|Any CPU
		{CDF0AF55-8C0A-2E6D-D1A7-157F74B51FB3}.Release|Any CPU.Build.0 = Release|Any CPU
		{2618941D-B618-6E70-8D06-8CBBA486F2D6}.Debug|Any CPU.ActiveCfg = Debug|Any CPU
		{2618941D-B618-6E70-8D06-8CBBA486F2D6}.Debug|Any CPU.Build.0 = Debug|Any CPU
		{2618941D-B618-6E70-8D06-8CBBA486F2D6}.Release|Any CPU.ActiveCfg = Release|Any CPU
		{2618941D-B618-6E70-8D06-8CBBA486F2D6}.Release|Any CPU.Build.0 = Release|Any CPU
		{60B7C50D-3812-833A-EC83-82B3E70024F0}.Debug|Any CPU.ActiveCfg = Debug|Any CPU
		{60B7C50D-3812-833A-EC83-82B3E70024F0}.Debug|Any CPU.Build.0 = Debug|Any CPU
		{60B7C50D-3812-833A-EC83-82B3E70024F0}.Release|Any CPU.ActiveCfg = Release|Any CPU
		{60B7C50D-3812-833A-EC83-82B3E70024F0}.Release|Any CPU.Build.0 = Release|Any CPU
		{C85D047E-CC36-F762-5D35-E88779D1B582}.Debug|Any CPU.ActiveCfg = Debug|Any CPU
		{C85D047E-CC36-F762-5D35-E88779D1B582}.Debug|Any CPU.Build.0 = Debug|Any CPU
		{C85D047E-CC36-F762-5D35-E88779D1B582}.Release|Any CPU.ActiveCfg = Release|Any CPU
		{C85D047E-CC36-F762-5D35-E88779D1B582}.Release|Any CPU.Build.0 = Release|Any CPU
		{7F567B0B-8947-095B-3E46-EC6481130160}.Debug|Any CPU.ActiveCfg = Debug|Any CPU
		{7F567B0B-8947-095B-3E46-EC6481130160}.Debug|Any CPU.Build.0 = Debug|Any CPU
		{7F567B0B-8947-095B-3E46-EC6481130160}.Release|Any CPU.ActiveCfg = Release|Any CPU
		{7F567B0B-8947-095B-3E46-EC6481130160}.Release|Any CPU.Build.0 = Release|Any CPU
	EndGlobalSection
	GlobalSection(SolutionProperties) = preSolution
		HideSolutionNode = FALSE
	EndGlobalSection
EndGlobal
